version = 1
revision = 2
requires-python = ">=3.11"
resolution-markers = [
    "python_full_version >= '3.12'",
    "python_full_version < '3.12'",
]

[[package]]
name = "attrs"
version = "25.3.0"
source = { registry = "https://sonatype.dn.lan/repository/pypi/simple" }
sdist = { url = "https://sonatype.dn.lan/repository/pypi/packages/attrs/25.3.0/attrs-25.3.0.tar.gz", hash = "sha256:75d7cefc7fb576747b2c81b4442d4d4a1ce0900973527c011d1030fd3bf4af1b" }
wheels = [
    { url = "https://sonatype.dn.lan/repository/pypi/packages/attrs/25.3.0/attrs-25.3.0-py3-none-any.whl", hash = "sha256:427318ce031701fea540783410126f03899a97ffc6f61596ad581ac2e40e3bc3" },
]

[[package]]
name = "certifi"
version = "2025.4.26"
source = { registry = "https://sonatype.dn.lan/repository/pypi/simple" }
sdist = { url = "https://sonatype.dn.lan/repository/pypi/packages/certifi/2025.4.26/certifi-2025.4.26.tar.gz", hash = "sha256:0a816057ea3cdefcef70270d2c515e4506bbc954f417fa5ade2021213bb8f0c6" }
wheels = [
    { url = "https://sonatype.dn.lan/repository/pypi/packages/certifi/2025.4.26/certifi-2025.4.26-py3-none-any.whl", hash = "sha256:30350364dfe371162649852c63336a15c70c6510c2ad5015b21c2345311805f3" },
]

[[package]]
name = "cffi"
version = "1.17.1"
source = { registry = "https://sonatype.dn.lan/repository/pypi/simple" }
dependencies = [
    { name = "pycparser" },
]
sdist = { url = "https://sonatype.dn.lan/repository/pypi/packages/cffi/1.17.1/cffi-1.17.1.tar.gz", hash = "sha256:1c39c6016c32bc48dd54561950ebd6836e1670f2ae46128f67cf49e789c52824" }
wheels = [
    { url = "https://sonatype.dn.lan/repository/pypi/packages/cffi/1.17.1/cffi-1.17.1-cp311-cp311-win32.whl", hash = "sha256:85a950a4ac9c359340d5963966e3e0a94a676bd6245a4b55bc43949eee26a655" },
    { url = "https://sonatype.dn.lan/repository/pypi/packages/cffi/1.17.1/cffi-1.17.1-cp311-cp311-win_amd64.whl", hash = "sha256:caaf0640ef5f5517f49bc275eca1406b0ffa6aa184892812030f04c2abf589a0" },
    { url = "https://sonatype.dn.lan/repository/pypi/packages/cffi/1.17.1/cffi-1.17.1-cp312-cp312-win32.whl", hash = "sha256:a08d7e755f8ed21095a310a693525137cfe756ce62d066e53f502a83dc550f65" },
    { url = "https://sonatype.dn.lan/repository/pypi/packages/cffi/1.17.1/cffi-1.17.1-cp312-cp312-win_amd64.whl", hash = "sha256:51392eae71afec0d0c8fb1a53b204dbb3bcabcb3c9b807eedf3e1e6ccf2de903" },
    { url = "https://sonatype.dn.lan/repository/pypi/packages/cffi/1.17.1/cffi-1.17.1-cp313-cp313-win32.whl", hash = "sha256:e03eab0a8677fa80d646b5ddece1cbeaf556c313dcfac435ba11f107ba117b5d" },
    { url = "https://sonatype.dn.lan/repository/pypi/packages/cffi/1.17.1/cffi-1.17.1-cp313-cp313-win_amd64.whl", hash = "sha256:f6a16c31041f09ead72d69f583767292f750d24913dadacf5756b966aacb3f1a" },
]

[[package]]
name = "charset-normalizer"
version = "3.4.2"
source = { registry = "https://sonatype.dn.lan/repository/pypi/simple" }
sdist = { url = "https://sonatype.dn.lan/repository/pypi/packages/charset-normalizer/3.4.2/charset_normalizer-3.4.2.tar.gz", hash = "sha256:5baececa9ecba31eff645232d59845c07aa030f0c81ee70184a90d35099a0e63" }
wheels = [
    { url = "https://sonatype.dn.lan/repository/pypi/packages/charset-normalizer/3.4.2/charset_normalizer-3.4.2-cp311-cp311-macosx_10_9_universal2.whl", hash = "sha256:be1e352acbe3c78727a16a455126d9ff83ea2dfdcbc83148d2982305a04714c2" },
    { url = "https://sonatype.dn.lan/repository/pypi/packages/charset-normalizer/3.4.2/charset_normalizer-3.4.2-cp311-cp311-manylinux_2_17_aarch64.manylinux2014_aarch64.whl", hash = "sha256:aa88ca0b1932e93f2d961bf3addbb2db902198dca337d88c89e1559e066e7645" },
    { url = "https://sonatype.dn.lan/repository/pypi/packages/charset-normalizer/3.4.2/charset_normalizer-3.4.2-cp311-cp311-manylinux_2_17_ppc64le.manylinux2014_ppc64le.whl", hash = "sha256:d524ba3f1581b35c03cb42beebab4a13e6cdad7b36246bd22541fa585a56cccd" },
    { url = "https://sonatype.dn.lan/repository/pypi/packages/charset-normalizer/3.4.2/charset_normalizer-3.4.2-cp311-cp311-manylinux_2_17_s390x.manylinux2014_s390x.whl", hash = "sha256:28a1005facc94196e1fb3e82a3d442a9d9110b8434fc1ded7a24a2983c9888d8" },
    { url = "https://sonatype.dn.lan/repository/pypi/packages/charset-normalizer/3.4.2/charset_normalizer-3.4.2-cp311-cp311-manylinux_2_17_x86_64.manylinux2014_x86_64.whl", hash = "sha256:fdb20a30fe1175ecabed17cbf7812f7b804b8a315a25f24678bcdf120a90077f" },
    { url = "https://sonatype.dn.lan/repository/pypi/packages/charset-normalizer/3.4.2/charset_normalizer-3.4.2-cp311-cp311-manylinux_2_5_i686.manylinux1_i686.manylinux_2_17_i686.manylinux2014_i686.whl", hash = "sha256:0f5d9ed7f254402c9e7d35d2f5972c9bbea9040e99cd2861bd77dc68263277c7" },
    { url = "https://sonatype.dn.lan/repository/pypi/packages/charset-normalizer/3.4.2/charset_normalizer-3.4.2-cp311-cp311-musllinux_1_2_aarch64.whl", hash = "sha256:efd387a49825780ff861998cd959767800d54f8308936b21025326de4b5a42b9" },
    { url = "https://sonatype.dn.lan/repository/pypi/packages/charset-normalizer/3.4.2/charset_normalizer-3.4.2-cp311-cp311-musllinux_1_2_i686.whl", hash = "sha256:f0aa37f3c979cf2546b73e8222bbfa3dc07a641585340179d768068e3455e544" },
    { url = "https://sonatype.dn.lan/repository/pypi/packages/charset-normalizer/3.4.2/charset_normalizer-3.4.2-cp311-cp311-musllinux_1_2_ppc64le.whl", hash = "sha256:e70e990b2137b29dc5564715de1e12701815dacc1d056308e2b17e9095372a82" },
    { url = "https://sonatype.dn.lan/repository/pypi/packages/charset-normalizer/3.4.2/charset_normalizer-3.4.2-cp311-cp311-musllinux_1_2_s390x.whl", hash = "sha256:0c8c57f84ccfc871a48a47321cfa49ae1df56cd1d965a09abe84066f6853b9c0" },
    { url = "https://sonatype.dn.lan/repository/pypi/packages/charset-normalizer/3.4.2/charset_normalizer-3.4.2-cp311-cp311-musllinux_1_2_x86_64.whl", hash = "sha256:6b66f92b17849b85cad91259efc341dce9c1af48e2173bf38a85c6329f1033e5" },
    { url = "https://sonatype.dn.lan/repository/pypi/packages/charset-normalizer/3.4.2/charset_normalizer-3.4.2-cp311-cp311-win32.whl", hash = "sha256:daac4765328a919a805fa5e2720f3e94767abd632ae410a9062dff5412bae65a" },
    { url = "https://sonatype.dn.lan/repository/pypi/packages/charset-normalizer/3.4.2/charset_normalizer-3.4.2-cp311-cp311-win_amd64.whl", hash = "sha256:e53efc7c7cee4c1e70661e2e112ca46a575f90ed9ae3fef200f2a25e954f4b28" },
    { url = "https://sonatype.dn.lan/repository/pypi/packages/charset-normalizer/3.4.2/charset_normalizer-3.4.2-cp312-cp312-macosx_10_13_universal2.whl", hash = "sha256:0c29de6a1a95f24b9a1aa7aefd27d2487263f00dfd55a77719b530788f75cff7" },
    { url = "https://sonatype.dn.lan/repository/pypi/packages/charset-normalizer/3.4.2/charset_normalizer-3.4.2-cp312-cp312-manylinux_2_17_aarch64.manylinux2014_aarch64.whl", hash = "sha256:cddf7bd982eaa998934a91f69d182aec997c6c468898efe6679af88283b498d3" },
    { url = "https://sonatype.dn.lan/repository/pypi/packages/charset-normalizer/3.4.2/charset_normalizer-3.4.2-cp312-cp312-manylinux_2_17_ppc64le.manylinux2014_ppc64le.whl", hash = "sha256:fcbe676a55d7445b22c10967bceaaf0ee69407fbe0ece4d032b6eb8d4565982a" },
    { url = "https://sonatype.dn.lan/repository/pypi/packages/charset-normalizer/3.4.2/charset_normalizer-3.4.2-cp312-cp312-manylinux_2_17_s390x.manylinux2014_s390x.whl", hash = "sha256:d41c4d287cfc69060fa91cae9683eacffad989f1a10811995fa309df656ec214" },
    { url = "https://sonatype.dn.lan/repository/pypi/packages/charset-normalizer/3.4.2/charset_normalizer-3.4.2-cp312-cp312-manylinux_2_17_x86_64.manylinux2014_x86_64.whl", hash = "sha256:4e594135de17ab3866138f496755f302b72157d115086d100c3f19370839dd3a" },
    { url = "https://sonatype.dn.lan/repository/pypi/packages/charset-normalizer/3.4.2/charset_normalizer-3.4.2-cp312-cp312-manylinux_2_5_i686.manylinux1_i686.manylinux_2_17_i686.manylinux2014_i686.whl", hash = "sha256:cf713fe9a71ef6fd5adf7a79670135081cd4431c2943864757f0fa3a65b1fafd" },
    { url = "https://sonatype.dn.lan/repository/pypi/packages/charset-normalizer/3.4.2/charset_normalizer-3.4.2-cp312-cp312-musllinux_1_2_aarch64.whl", hash = "sha256:a370b3e078e418187da8c3674eddb9d983ec09445c99a3a263c2011993522981" },
    { url = "https://sonatype.dn.lan/repository/pypi/packages/charset-normalizer/3.4.2/charset_normalizer-3.4.2-cp312-cp312-musllinux_1_2_i686.whl", hash = "sha256:a955b438e62efdf7e0b7b52a64dc5c3396e2634baa62471768a64bc2adb73d5c" },
    { url = "https://sonatype.dn.lan/repository/pypi/packages/charset-normalizer/3.4.2/charset_normalizer-3.4.2-cp312-cp312-musllinux_1_2_ppc64le.whl", hash = "sha256:7222ffd5e4de8e57e03ce2cef95a4c43c98fcb72ad86909abdfc2c17d227fc1b" },
    { url = "https://sonatype.dn.lan/repository/pypi/packages/charset-normalizer/3.4.2/charset_normalizer-3.4.2-cp312-cp312-musllinux_1_2_s390x.whl", hash = "sha256:bee093bf902e1d8fc0ac143c88902c3dfc8941f7ea1d6a8dd2bcb786d33db03d" },
    { url = "https://sonatype.dn.lan/repository/pypi/packages/charset-normalizer/3.4.2/charset_normalizer-3.4.2-cp312-cp312-musllinux_1_2_x86_64.whl", hash = "sha256:dedb8adb91d11846ee08bec4c8236c8549ac721c245678282dcb06b221aab59f" },
    { url = "https://sonatype.dn.lan/repository/pypi/packages/charset-normalizer/3.4.2/charset_normalizer-3.4.2-cp312-cp312-win32.whl", hash = "sha256:db4c7bf0e07fc3b7d89ac2a5880a6a8062056801b83ff56d8464b70f65482b6c" },
    { url = "https://sonatype.dn.lan/repository/pypi/packages/charset-normalizer/3.4.2/charset_normalizer-3.4.2-cp312-cp312-win_amd64.whl", hash = "sha256:5a9979887252a82fefd3d3ed2a8e3b937a7a809f65dcb1e068b090e165bbe99e" },
    { url = "https://sonatype.dn.lan/repository/pypi/packages/charset-normalizer/3.4.2/charset_normalizer-3.4.2-cp313-cp313-macosx_10_13_universal2.whl", hash = "sha256:926ca93accd5d36ccdabd803392ddc3e03e6d4cd1cf17deff3b989ab8e9dbcf0" },
    { url = "https://sonatype.dn.lan/repository/pypi/packages/charset-normalizer/3.4.2/charset_normalizer-3.4.2-cp313-cp313-manylinux_2_17_aarch64.manylinux2014_aarch64.whl", hash = "sha256:eba9904b0f38a143592d9fc0e19e2df0fa2e41c3c3745554761c5f6447eedabf" },
    { url = "https://sonatype.dn.lan/repository/pypi/packages/charset-normalizer/3.4.2/charset_normalizer-3.4.2-cp313-cp313-manylinux_2_17_ppc64le.manylinux2014_ppc64le.whl", hash = "sha256:3fddb7e2c84ac87ac3a947cb4e66d143ca5863ef48e4a5ecb83bd48619e4634e" },
    { url = "https://sonatype.dn.lan/repository/pypi/packages/charset-normalizer/3.4.2/charset_normalizer-3.4.2-cp313-cp313-manylinux_2_17_s390x.manylinux2014_s390x.whl", hash = "sha256:98f862da73774290f251b9df8d11161b6cf25b599a66baf087c1ffe340e9bfd1" },
    { url = "https://sonatype.dn.lan/repository/pypi/packages/charset-normalizer/3.4.2/charset_normalizer-3.4.2-cp313-cp313-manylinux_2_17_x86_64.manylinux2014_x86_64.whl", hash = "sha256:6c9379d65defcab82d07b2a9dfbfc2e95bc8fe0ebb1b176a3190230a3ef0e07c" },
    { url = "https://sonatype.dn.lan/repository/pypi/packages/charset-normalizer/3.4.2/charset_normalizer-3.4.2-cp313-cp313-manylinux_2_5_i686.manylinux1_i686.manylinux_2_17_i686.manylinux2014_i686.whl", hash = "sha256:e635b87f01ebc977342e2697d05b56632f5f879a4f15955dfe8cef2448b51691" },
    { url = "https://sonatype.dn.lan/repository/pypi/packages/charset-normalizer/3.4.2/charset_normalizer-3.4.2-cp313-cp313-musllinux_1_2_aarch64.whl", hash = "sha256:1c95a1e2902a8b722868587c0e1184ad5c55631de5afc0eb96bc4b0d738092c0" },
    { url = "https://sonatype.dn.lan/repository/pypi/packages/charset-normalizer/3.4.2/charset_normalizer-3.4.2-cp313-cp313-musllinux_1_2_i686.whl", hash = "sha256:ef8de666d6179b009dce7bcb2ad4c4a779f113f12caf8dc77f0162c29d20490b" },
    { url = "https://sonatype.dn.lan/repository/pypi/packages/charset-normalizer/3.4.2/charset_normalizer-3.4.2-cp313-cp313-musllinux_1_2_ppc64le.whl", hash = "sha256:32fc0341d72e0f73f80acb0a2c94216bd704f4f0bce10aedea38f30502b271ff" },
    { url = "https://sonatype.dn.lan/repository/pypi/packages/charset-normalizer/3.4.2/charset_normalizer-3.4.2-cp313-cp313-musllinux_1_2_s390x.whl", hash = "sha256:289200a18fa698949d2b39c671c2cc7a24d44096784e76614899a7ccf2574b7b" },
    { url = "https://sonatype.dn.lan/repository/pypi/packages/charset-normalizer/3.4.2/charset_normalizer-3.4.2-cp313-cp313-musllinux_1_2_x86_64.whl", hash = "sha256:4a476b06fbcf359ad25d34a057b7219281286ae2477cc5ff5e3f70a246971148" },
    { url = "https://sonatype.dn.lan/repository/pypi/packages/charset-normalizer/3.4.2/charset_normalizer-3.4.2-cp313-cp313-win32.whl", hash = "sha256:aaeeb6a479c7667fbe1099af9617c83aaca22182d6cf8c53966491a0f1b7ffb7" },
    { url = "https://sonatype.dn.lan/repository/pypi/packages/charset-normalizer/3.4.2/charset_normalizer-3.4.2-cp313-cp313-win_amd64.whl", hash = "sha256:aa6af9e7d59f9c12b33ae4e9450619cf2488e2bbe9b44030905877f0b2324980" },
    { url = "https://sonatype.dn.lan/repository/pypi/packages/charset-normalizer/3.4.2/charset_normalizer-3.4.2-py3-none-any.whl", hash = "sha256:7f56930ab0abd1c45cd15be65cc741c28b1c9a34876ce8c17a2fa107810c0af0" },
]

[[package]]
name = "dnscrape"
version = "0.1.0"
source = { virtual = "." }
dependencies = [
    { name = "pandas" },
    { name = "requests" },
    { name = "selenium" },
    { name = "webdriver-manager" },
]

[package.metadata]
requires-dist = [
    { name = "pandas", specifier = ">=2.2.3" },
    { name = "requests", specifier = ">=2.32.3" },
    { name = "selenium", specifier = ">=4.0.0" },
    { name = "webdriver-manager", specifier = ">=4.0.0" },
]

[[package]]
name = "h11"
version = "0.16.0"
source = { registry = "https://sonatype.dn.lan/repository/pypi/simple" }
sdist = { url = "https://sonatype.dn.lan/repository/pypi/packages/h11/0.16.0/h11-0.16.0.tar.gz", hash = "sha256:4e35b956cf45792e4caa5885e69fba00bdbc6ffafbfa020300e549b208ee5ff1" }
wheels = [
    { url = "https://sonatype.dn.lan/repository/pypi/packages/h11/0.16.0/h11-0.16.0-py3-none-any.whl", hash = "sha256:63cf8bbe7522de3bf65932fda1d9c2772064ffb3dae62d55932da54b31cb6c86" },
]

[[package]]
name = "idna"
version = "3.10"
source = { registry = "https://sonatype.dn.lan/repository/pypi/simple" }
sdist = { url = "https://sonatype.dn.lan/repository/pypi/packages/idna/3.10/idna-3.10.tar.gz", hash = "sha256:12f65c9b470abda6dc35cf8e63cc574b1c52b11df2c86030af0ac09b01b13ea9" }
wheels = [
    { url = "https://sonatype.dn.lan/repository/pypi/packages/idna/3.10/idna-3.10-py3-none-any.whl", hash = "sha256:946d195a0d259cbba61165e88e65941f16e9b36ea6ddb97f00452bae8b1287d3" },
]

[[package]]
name = "numpy"
version = "2.2.5"
source = { registry = "https://sonatype.dn.lan/repository/pypi/simple" }
sdist = { url = "https://sonatype.dn.lan/repository/pypi/packages/numpy/2.2.5/numpy-2.2.5.tar.gz", hash = "sha256:a9c0d994680cd991b1cb772e8b297340085466a6fe964bc9d4e80f5e2f43c291" }
wheels = [
    { url = "https://sonatype.dn.lan/repository/pypi/packages/numpy/2.2.5/numpy-2.2.5-cp311-cp311-macosx_10_9_x86_64.whl", hash = "sha256:c42365005c7a6c42436a54d28c43fe0e01ca11eb2ac3cefe796c25a5f98e5e9b" },
    { url = "https://sonatype.dn.lan/repository/pypi/packages/numpy/2.2.5/numpy-2.2.5-cp311-cp311-macosx_11_0_arm64.whl", hash = "sha256:498815b96f67dc347e03b719ef49c772589fb74b8ee9ea2c37feae915ad6ebda" },
    { url = "https://sonatype.dn.lan/repository/pypi/packages/numpy/2.2.5/numpy-2.2.5-cp311-cp311-macosx_14_0_arm64.whl", hash = "sha256:6411f744f7f20081b1b4e7112e0f4c9c5b08f94b9f086e6f0adf3645f85d3a4d" },
    { url = "https://sonatype.dn.lan/repository/pypi/packages/numpy/2.2.5/numpy-2.2.5-cp311-cp311-macosx_14_0_x86_64.whl", hash = "sha256:9de6832228f617c9ef45d948ec1cd8949c482238d68b2477e6f642c33a7b0a54" },
    { url = "https://sonatype.dn.lan/repository/pypi/packages/numpy/2.2.5/numpy-2.2.5-cp311-cp311-manylinux_2_17_aarch64.manylinux2014_aarch64.whl", hash = "sha256:369e0d4647c17c9363244f3468f2227d557a74b6781cb62ce57cf3ef5cc7c610" },
    { url = "https://sonatype.dn.lan/repository/pypi/packages/numpy/2.2.5/numpy-2.2.5-cp311-cp311-manylinux_2_17_x86_64.manylinux2014_x86_64.whl", hash = "sha256:262d23f383170f99cd9191a7c85b9a50970fe9069b2f8ab5d786eca8a675d60b" },
    { url = "https://sonatype.dn.lan/repository/pypi/packages/numpy/2.2.5/numpy-2.2.5-cp311-cp311-musllinux_1_2_aarch64.whl", hash = "sha256:aa70fdbdc3b169d69e8c59e65c07a1c9351ceb438e627f0fdcd471015cd956be" },
    { url = "https://sonatype.dn.lan/repository/pypi/packages/numpy/2.2.5/numpy-2.2.5-cp311-cp311-musllinux_1_2_x86_64.whl", hash = "sha256:37e32e985f03c06206582a7323ef926b4e78bdaa6915095ef08070471865b906" },
    { url = "https://sonatype.dn.lan/repository/pypi/packages/numpy/2.2.5/numpy-2.2.5-cp311-cp311-win32.whl", hash = "sha256:f5045039100ed58fa817a6227a356240ea1b9a1bc141018864c306c1a16d4175" },
    { url = "https://sonatype.dn.lan/repository/pypi/packages/numpy/2.2.5/numpy-2.2.5-cp311-cp311-win_amd64.whl", hash = "sha256:b13f04968b46ad705f7c8a80122a42ae8f620536ea38cf4bdd374302926424dd" },
    { url = "https://sonatype.dn.lan/repository/pypi/packages/numpy/2.2.5/numpy-2.2.5-cp312-cp312-macosx_10_13_x86_64.whl", hash = "sha256:ee461a4eaab4f165b68780a6a1af95fb23a29932be7569b9fab666c407969051" },
    { url = "https://sonatype.dn.lan/repository/pypi/packages/numpy/2.2.5/numpy-2.2.5-cp312-cp312-macosx_11_0_arm64.whl", hash = "sha256:ec31367fd6a255dc8de4772bd1658c3e926d8e860a0b6e922b615e532d320ddc" },
    { url = "https://sonatype.dn.lan/repository/pypi/packages/numpy/2.2.5/numpy-2.2.5-cp312-cp312-macosx_14_0_arm64.whl", hash = "sha256:47834cde750d3c9f4e52c6ca28a7361859fcaf52695c7dc3cc1a720b8922683e" },
    { url = "https://sonatype.dn.lan/repository/pypi/packages/numpy/2.2.5/numpy-2.2.5-cp312-cp312-macosx_14_0_x86_64.whl", hash = "sha256:2c1a1c6ccce4022383583a6ded7bbcda22fc635eb4eb1e0a053336425ed36dfa" },
    { url = "https://sonatype.dn.lan/repository/pypi/packages/numpy/2.2.5/numpy-2.2.5-cp312-cp312-manylinux_2_17_aarch64.manylinux2014_aarch64.whl", hash = "sha256:9d75f338f5f79ee23548b03d801d28a505198297534f62416391857ea0479571" },
    { url = "https://sonatype.dn.lan/repository/pypi/packages/numpy/2.2.5/numpy-2.2.5-cp312-cp312-manylinux_2_17_x86_64.manylinux2014_x86_64.whl", hash = "sha256:3a801fef99668f309b88640e28d261991bfad9617c27beda4a3aec4f217ea073" },
    { url = "https://sonatype.dn.lan/repository/pypi/packages/numpy/2.2.5/numpy-2.2.5-cp312-cp312-musllinux_1_2_aarch64.whl", hash = "sha256:abe38cd8381245a7f49967a6010e77dbf3680bd3627c0fe4362dd693b404c7f8" },
    { url = "https://sonatype.dn.lan/repository/pypi/packages/numpy/2.2.5/numpy-2.2.5-cp312-cp312-musllinux_1_2_x86_64.whl", hash = "sha256:5a0ac90e46fdb5649ab6369d1ab6104bfe5854ab19b645bf5cda0127a13034ae" },
    { url = "https://sonatype.dn.lan/repository/pypi/packages/numpy/2.2.5/numpy-2.2.5-cp312-cp312-win32.whl", hash = "sha256:0cd48122a6b7eab8f06404805b1bd5856200e3ed6f8a1b9a194f9d9054631beb" },
    { url = "https://sonatype.dn.lan/repository/pypi/packages/numpy/2.2.5/numpy-2.2.5-cp312-cp312-win_amd64.whl", hash = "sha256:ced69262a8278547e63409b2653b372bf4baff0870c57efa76c5703fd6543282" },
    { url = "https://sonatype.dn.lan/repository/pypi/packages/numpy/2.2.5/numpy-2.2.5-cp313-cp313-macosx_10_13_x86_64.whl", hash = "sha256:059b51b658f4414fff78c6d7b1b4e18283ab5fa56d270ff212d5ba0c561846f4" },
    { url = "https://sonatype.dn.lan/repository/pypi/packages/numpy/2.2.5/numpy-2.2.5-cp313-cp313-macosx_11_0_arm64.whl", hash = "sha256:47f9ed103af0bc63182609044b0490747e03bd20a67e391192dde119bf43d52f" },
    { url = "https://sonatype.dn.lan/repository/pypi/packages/numpy/2.2.5/numpy-2.2.5-cp313-cp313-macosx_14_0_arm64.whl", hash = "sha256:261a1ef047751bb02f29dfe337230b5882b54521ca121fc7f62668133cb119c9" },
    { url = "https://sonatype.dn.lan/repository/pypi/packages/numpy/2.2.5/numpy-2.2.5-cp313-cp313-macosx_14_0_x86_64.whl", hash = "sha256:4520caa3807c1ceb005d125a75e715567806fed67e315cea619d5ec6e75a4191" },
    { url = "https://sonatype.dn.lan/repository/pypi/packages/numpy/2.2.5/numpy-2.2.5-cp313-cp313-manylinux_2_17_aarch64.manylinux2014_aarch64.whl", hash = "sha256:3d14b17b9be5f9c9301f43d2e2a4886a33b53f4e6fdf9ca2f4cc60aeeee76372" },
    { url = "https://sonatype.dn.lan/repository/pypi/packages/numpy/2.2.5/numpy-2.2.5-cp313-cp313-manylinux_2_17_x86_64.manylinux2014_x86_64.whl", hash = "sha256:2ba321813a00e508d5421104464510cc962a6f791aa2fca1c97b1e65027da80d" },
    { url = "https://sonatype.dn.lan/repository/pypi/packages/numpy/2.2.5/numpy-2.2.5-cp313-cp313-musllinux_1_2_aarch64.whl", hash = "sha256:a4cbdef3ddf777423060c6f81b5694bad2dc9675f110c4b2a60dc0181543fac7" },
    { url = "https://sonatype.dn.lan/repository/pypi/packages/numpy/2.2.5/numpy-2.2.5-cp313-cp313-musllinux_1_2_x86_64.whl", hash = "sha256:54088a5a147ab71a8e7fdfd8c3601972751ded0739c6b696ad9cb0343e21ab73" },
    { url = "https://sonatype.dn.lan/repository/pypi/packages/numpy/2.2.5/numpy-2.2.5-cp313-cp313-win32.whl", hash = "sha256:c8b82a55ef86a2d8e81b63da85e55f5537d2157165be1cb2ce7cfa57b6aef38b" },
    { url = "https://sonatype.dn.lan/repository/pypi/packages/numpy/2.2.5/numpy-2.2.5-cp313-cp313-win_amd64.whl", hash = "sha256:d8882a829fd779f0f43998e931c466802a77ca1ee0fe25a3abe50278616b1471" },
    { url = "https://sonatype.dn.lan/repository/pypi/packages/numpy/2.2.5/numpy-2.2.5-cp313-cp313t-macosx_10_13_x86_64.whl", hash = "sha256:e8b025c351b9f0e8b5436cf28a07fa4ac0204d67b38f01433ac7f9b870fa38c6" },
    { url = "https://sonatype.dn.lan/repository/pypi/packages/numpy/2.2.5/numpy-2.2.5-cp313-cp313t-macosx_11_0_arm64.whl", hash = "sha256:8dfa94b6a4374e7851bbb6f35e6ded2120b752b063e6acdd3157e4d2bb922eba" },
    { url = "https://sonatype.dn.lan/repository/pypi/packages/numpy/2.2.5/numpy-2.2.5-cp313-cp313t-macosx_14_0_arm64.whl", hash = "sha256:97c8425d4e26437e65e1d189d22dff4a079b747ff9c2788057bfb8114ce1e133" },
    { url = "https://sonatype.dn.lan/repository/pypi/packages/numpy/2.2.5/numpy-2.2.5-cp313-cp313t-macosx_14_0_x86_64.whl", hash = "sha256:352d330048c055ea6db701130abc48a21bec690a8d38f8284e00fab256dc1376" },
    { url = "https://sonatype.dn.lan/repository/pypi/packages/numpy/2.2.5/numpy-2.2.5-cp313-cp313t-manylinux_2_17_aarch64.manylinux2014_aarch64.whl", hash = "sha256:8b4c0773b6ada798f51f0f8e30c054d32304ccc6e9c5d93d46cb26f3d385ab19" },
    { url = "https://sonatype.dn.lan/repository/pypi/packages/numpy/2.2.5/numpy-2.2.5-cp313-cp313t-manylinux_2_17_x86_64.manylinux2014_x86_64.whl", hash = "sha256:55f09e00d4dccd76b179c0f18a44f041e5332fd0e022886ba1c0bbf3ea4a18d0" },
    { url = "https://sonatype.dn.lan/repository/pypi/packages/numpy/2.2.5/numpy-2.2.5-cp313-cp313t-musllinux_1_2_aarch64.whl", hash = "sha256:02f226baeefa68f7d579e213d0f3493496397d8f1cff5e2b222af274c86a552a" },
    { url = "https://sonatype.dn.lan/repository/pypi/packages/numpy/2.2.5/numpy-2.2.5-cp313-cp313t-musllinux_1_2_x86_64.whl", hash = "sha256:c26843fd58f65da9491165072da2cccc372530681de481ef670dcc8e27cfb066" },
    { url = "https://sonatype.dn.lan/repository/pypi/packages/numpy/2.2.5/numpy-2.2.5-cp313-cp313t-win32.whl", hash = "sha256:1a161c2c79ab30fe4501d5a2bbfe8b162490757cf90b7f05be8b80bc02f7bb8e" },
    { url = "https://sonatype.dn.lan/repository/pypi/packages/numpy/2.2.5/numpy-2.2.5-cp313-cp313t-win_amd64.whl", hash = "sha256:d403c84991b5ad291d3809bace5e85f4bbf44a04bdc9a88ed2bb1807b3360bb8" },
]

[[package]]
name = "outcome"
version = "1.3.0.post0"
source = { registry = "https://sonatype.dn.lan/repository/pypi/simple" }
dependencies = [
    { name = "attrs" },
]
sdist = { url = "https://sonatype.dn.lan/repository/pypi/packages/outcome/1.3.0.post0/outcome-1.3.0.post0.tar.gz", hash = "sha256:9dcf02e65f2971b80047b377468e72a268e15c0af3cf1238e6ff14f7f91143b8" }
wheels = [
    { url = "https://sonatype.dn.lan/repository/pypi/packages/outcome/1.3.0.post0/outcome-1.3.0.post0-py2.py3-none-any.whl", hash = "sha256:e771c5ce06d1415e356078d3bdd68523f284b4ce5419828922b6871e65eda82b" },
]

[[package]]
name = "packaging"
version = "25.0"
source = { registry = "https://sonatype.dn.lan/repository/pypi/simple" }
sdist = { url = "https://sonatype.dn.lan/repository/pypi/packages/packaging/25.0/packaging-25.0.tar.gz", hash = "sha256:d443872c98d677bf60f6a1f2f8c1cb748e8fe762d2bf9d3148b5599295b0fc4f" }
wheels = [
    { url = "https://sonatype.dn.lan/repository/pypi/packages/packaging/25.0/packaging-25.0-py3-none-any.whl", hash = "sha256:29572ef2b1f17581046b3a2227d5c611fb25ec70ca1ba8554b24b0e69331a484" },
]

[[package]]
name = "pandas"
version = "2.2.3"
source = { registry = "https://sonatype.dn.lan/repository/pypi/simple" }
dependencies = [
    { name = "numpy" },
    { name = "python-dateutil" },
    { name = "pytz" },
    { name = "tzdata" },
]
sdist = { url = "https://sonatype.dn.lan/repository/pypi/packages/pandas/2.2.3/pandas-2.2.3.tar.gz", hash = "sha256:4f18ba62b61d7e192368b84517265a99b4d7ee8912f8708660fb4a366cc82667" }
wheels = [
    { url = "https://sonatype.dn.lan/repository/pypi/packages/pandas/2.2.3/pandas-2.2.3-cp311-cp311-macosx_10_9_x86_64.whl", hash = "sha256:66108071e1b935240e74525006034333f98bcdb87ea116de573a6a0dccb6c039" },
    { url = "https://sonatype.dn.lan/repository/pypi/packages/pandas/2.2.3/pandas-2.2.3-cp311-cp311-macosx_11_0_arm64.whl", hash = "sha256:7c2875855b0ff77b2a64a0365e24455d9990730d6431b9e0ee18ad8acee13dbd" },
    { url = "https://sonatype.dn.lan/repository/pypi/packages/pandas/2.2.3/pandas-2.2.3-cp311-cp311-manylinux2014_aarch64.manylinux_2_17_aarch64.whl", hash = "sha256:cd8d0c3be0515c12fed0bdbae072551c8b54b7192c7b1fda0ba56059a0179698" },
    { url = "https://sonatype.dn.lan/repository/pypi/packages/pandas/2.2.3/pandas-2.2.3-cp311-cp311-manylinux_2_17_x86_64.manylinux2014_x86_64.whl", hash = "sha256:c124333816c3a9b03fbeef3a9f230ba9a737e9e5bb4060aa2107a86cc0a497fc" },
    { url = "https://sonatype.dn.lan/repository/pypi/packages/pandas/2.2.3/pandas-2.2.3-cp311-cp311-musllinux_1_2_aarch64.whl", hash = "sha256:63cc132e40a2e084cf01adf0775b15ac515ba905d7dcca47e9a251819c575ef3" },
    { url = "https://sonatype.dn.lan/repository/pypi/packages/pandas/2.2.3/pandas-2.2.3-cp311-cp311-musllinux_1_2_x86_64.whl", hash = "sha256:29401dbfa9ad77319367d36940cd8a0b3a11aba16063e39632d98b0e931ddf32" },
    { url = "https://sonatype.dn.lan/repository/pypi/packages/pandas/2.2.3/pandas-2.2.3-cp311-cp311-win_amd64.whl", hash = "sha256:3fc6873a41186404dad67245896a6e440baacc92f5b716ccd1bc9ed2995ab2c5" },
    { url = "https://sonatype.dn.lan/repository/pypi/packages/pandas/2.2.3/pandas-2.2.3-cp312-cp312-macosx_10_9_x86_64.whl", hash = "sha256:b1d432e8d08679a40e2a6d8b2f9770a5c21793a6f9f47fdd52c5ce1948a5a8a9" },
    { url = "https://sonatype.dn.lan/repository/pypi/packages/pandas/2.2.3/pandas-2.2.3-cp312-cp312-macosx_11_0_arm64.whl", hash = "sha256:a5a1595fe639f5988ba6a8e5bc9649af3baf26df3998a0abe56c02609392e0a4" },
    { url = "https://sonatype.dn.lan/repository/pypi/packages/pandas/2.2.3/pandas-2.2.3-cp312-cp312-manylinux2014_aarch64.manylinux_2_17_aarch64.whl", hash = "sha256:5de54125a92bb4d1c051c0659e6fcb75256bf799a732a87184e5ea503965bce3" },
    { url = "https://sonatype.dn.lan/repository/pypi/packages/pandas/2.2.3/pandas-2.2.3-cp312-cp312-manylinux_2_17_x86_64.manylinux2014_x86_64.whl", hash = "sha256:fffb8ae78d8af97f849404f21411c95062db1496aeb3e56f146f0355c9989319" },
    { url = "https://sonatype.dn.lan/repository/pypi/packages/pandas/2.2.3/pandas-2.2.3-cp312-cp312-musllinux_1_2_aarch64.whl", hash = "sha256:6dfcb5ee8d4d50c06a51c2fffa6cff6272098ad6540aed1a76d15fb9318194d8" },
    { url = "https://sonatype.dn.lan/repository/pypi/packages/pandas/2.2.3/pandas-2.2.3-cp312-cp312-musllinux_1_2_x86_64.whl", hash = "sha256:062309c1b9ea12a50e8ce661145c6aab431b1e99530d3cd60640e255778bd43a" },
    { url = "https://sonatype.dn.lan/repository/pypi/packages/pandas/2.2.3/pandas-2.2.3-cp312-cp312-win_amd64.whl", hash = "sha256:59ef3764d0fe818125a5097d2ae867ca3fa64df032331b7e0917cf5d7bf66b13" },
    { url = "https://sonatype.dn.lan/repository/pypi/packages/pandas/2.2.3/pandas-2.2.3-cp313-cp313-macosx_10_13_x86_64.whl", hash = "sha256:f00d1345d84d8c86a63e476bb4955e46458b304b9575dcf71102b5c705320015" },
    { url = "https://sonatype.dn.lan/repository/pypi/packages/pandas/2.2.3/pandas-2.2.3-cp313-cp313-macosx_11_0_arm64.whl", hash = "sha256:3508d914817e153ad359d7e069d752cdd736a247c322d932eb89e6bc84217f28" },
    { url = "https://sonatype.dn.lan/repository/pypi/packages/pandas/2.2.3/pandas-2.2.3-cp313-cp313-manylinux2014_aarch64.manylinux_2_17_aarch64.whl", hash = "sha256:22a9d949bfc9a502d320aa04e5d02feab689d61da4e7764b62c30b991c42c5f0" },
    { url = "https://sonatype.dn.lan/repository/pypi/packages/pandas/2.2.3/pandas-2.2.3-cp313-cp313-manylinux_2_17_x86_64.manylinux2014_x86_64.whl", hash = "sha256:f3a255b2c19987fbbe62a9dfd6cff7ff2aa9ccab3fc75218fd4b7530f01efa24" },
    { url = "https://sonatype.dn.lan/repository/pypi/packages/pandas/2.2.3/pandas-2.2.3-cp313-cp313-musllinux_1_2_aarch64.whl", hash = "sha256:800250ecdadb6d9c78eae4990da62743b857b470883fa27f652db8bdde7f6659" },
    { url = "https://sonatype.dn.lan/repository/pypi/packages/pandas/2.2.3/pandas-2.2.3-cp313-cp313-musllinux_1_2_x86_64.whl", hash = "sha256:6374c452ff3ec675a8f46fd9ab25c4ad0ba590b71cf0656f8b6daa5202bca3fb" },
    { url = "https://sonatype.dn.lan/repository/pypi/packages/pandas/2.2.3/pandas-2.2.3-cp313-cp313-win_amd64.whl", hash = "sha256:61c5ad4043f791b61dd4752191d9f07f0ae412515d59ba8f005832a532f8736d" },
    { url = "https://sonatype.dn.lan/repository/pypi/packages/pandas/2.2.3/pandas-2.2.3-cp313-cp313t-macosx_10_13_x86_64.whl", hash = "sha256:3b71f27954685ee685317063bf13c7709a7ba74fc996b84fc6821c59b0f06468" },
    { url = "https://sonatype.dn.lan/repository/pypi/packages/pandas/2.2.3/pandas-2.2.3-cp313-cp313t-macosx_11_0_arm64.whl", hash = "sha256:38cf8125c40dae9d5acc10fa66af8ea6fdf760b2714ee482ca691fc66e6fcb18" },
    { url = "https://sonatype.dn.lan/repository/pypi/packages/pandas/2.2.3/pandas-2.2.3-cp313-cp313t-manylinux2014_aarch64.manylinux_2_17_aarch64.whl", hash = "sha256:ba96630bc17c875161df3818780af30e43be9b166ce51c9a18c1feae342906c2" },
    { url = "https://sonatype.dn.lan/repository/pypi/packages/pandas/2.2.3/pandas-2.2.3-cp313-cp313t-manylinux_2_17_x86_64.manylinux2014_x86_64.whl", hash = "sha256:1db71525a1538b30142094edb9adc10be3f3e176748cd7acc2240c2f2e5aa3a4" },
    { url = "https://sonatype.dn.lan/repository/pypi/packages/pandas/2.2.3/pandas-2.2.3-cp313-cp313t-musllinux_1_2_aarch64.whl", hash = "sha256:15c0e1e02e93116177d29ff83e8b1619c93ddc9c49083f237d4312337a61165d" },
    { url = "https://sonatype.dn.lan/repository/pypi/packages/pandas/2.2.3/pandas-2.2.3-cp313-cp313t-musllinux_1_2_x86_64.whl", hash = "sha256:ad5b65698ab28ed8d7f18790a0dc58005c7629f227be9ecc1072aa74c0c1d43a" },
]

[[package]]
name = "pycparser"
version = "2.22"
source = { registry = "https://sonatype.dn.lan/repository/pypi/simple" }
sdist = { url = "https://sonatype.dn.lan/repository/pypi/packages/pycparser/2.22/pycparser-2.22.tar.gz", hash = "sha256:491c8be9c040f5390f5bf44a5b07752bd07f56edf992381b05c701439eec10f6" }
wheels = [
    { url = "https://sonatype.dn.lan/repository/pypi/packages/pycparser/2.22/pycparser-2.22-py3-none-any.whl", hash = "sha256:c3702b6d3dd8c7abc1afa565d7e63d53a1d0bd86cdc24edd75470f4de499cfcc" },
]

[[package]]
name = "pysocks"
version = "1.7.1"
source = { registry = "https://sonatype.dn.lan/repository/pypi/simple" }
sdist = { url = "https://sonatype.dn.lan/repository/pypi/packages/pysocks/1.7.1/PySocks-1.7.1.tar.gz", hash = "sha256:3f8804571ebe159c380ac6de37643bb4685970655d3bba243530d6558b799aa0" }
wheels = [
    { url = "https://sonatype.dn.lan/repository/pypi/packages/pysocks/1.7.1/PySocks-1.7.1-py3-none-any.whl", hash = "sha256:2725bd0a9925919b9b51739eea5f9e2bae91e83288108a9ad338b2e3a4435ee5" },
]

[[package]]
name = "python-dateutil"
version = "2.9.0.post0"
source = { registry = "https://sonatype.dn.lan/repository/pypi/simple" }
dependencies = [
    { name = "six" },
]
sdist = { url = "https://sonatype.dn.lan/repository/pypi/packages/python-dateutil/2.9.0.post0/python-dateutil-2.9.0.post0.tar.gz", hash = "sha256:37dd54208da7e1cd875388217d5e00ebd4179249f90fb72437e91a35459a0ad3" }
wheels = [
    { url = "https://sonatype.dn.lan/repository/pypi/packages/python-dateutil/2.9.0.post0/python_dateutil-2.9.0.post0-py2.py3-none-any.whl", hash = "sha256:a8b2bc7bffae282281c8140a97d3aa9c14da0b136dfe83f850eea9a5f7470427" },
]

[[package]]
name = "python-dotenv"
version = "1.1.1"
source = { registry = "https://sonatype.dn.lan/repository/pypi/simple" }
sdist = { url = "https://sonatype.dn.lan/repository/pypi/packages/python-dotenv/1.1.1/python_dotenv-1.1.1.tar.gz", hash = "sha256:a8a6399716257f45be6a007360200409fce5cda2661e3dec71d23dc15f6189ab" }
wheels = [
    { url = "https://sonatype.dn.lan/repository/pypi/packages/python-dotenv/1.1.1/python_dotenv-1.1.1-py3-none-any.whl", hash = "sha256:31f23644fe2602f88ff55e1f5c79ba497e01224ee7737937930c448e4d0e24dc" },
]

[[package]]
name = "pytz"
version = "2025.2"
source = { registry = "https://sonatype.dn.lan/repository/pypi/simple" }
sdist = { url = "https://sonatype.dn.lan/repository/pypi/packages/pytz/2025.2/pytz-2025.2.tar.gz", hash = "sha256:360b9e3dbb49a209c21ad61809c7fb453643e048b38924c765813546746e81c3" }
wheels = [
    { url = "https://sonatype.dn.lan/repository/pypi/packages/pytz/2025.2/pytz-2025.2-py2.py3-none-any.whl", hash = "sha256:5ddf76296dd8c44c26eb8f4b6f35488f3ccbf6fbbd7adee0b7262d43f0ec2f00" },
]

[[package]]
name = "requests"
version = "2.32.3"
source = { registry = "https://sonatype.dn.lan/repository/pypi/simple" }
dependencies = [
    { name = "certifi" },
    { name = "charset-normalizer" },
    { name = "idna" },
    { name = "urllib3" },
]
sdist = { url = "https://sonatype.dn.lan/repository/pypi/packages/requests/2.32.3/requests-2.32.3.tar.gz", hash = "sha256:55365417734eb18255590a9ff9eb97e9e1da868d4ccd6402399eaf68af20a760" }
wheels = [
    { url = "https://sonatype.dn.lan/repository/pypi/packages/requests/2.32.3/requests-2.32.3-py3-none-any.whl", hash = "sha256:70761cfe03c773ceb22aa2f671b4757976145175cdfca038c02654d061d6dcc6" },
]

[[package]]
name = "selenium"
version = "4.33.0"
source = { registry = "https://sonatype.dn.lan/repository/pypi/simple" }
dependencies = [
    { name = "certifi" },
    { name = "trio" },
    { name = "trio-websocket" },
    { name = "typing-extensions" },
    { name = "urllib3", extra = ["socks"] },
    { name = "websocket-client" },
]
sdist = { url = "https://sonatype.dn.lan/repository/pypi/packages/selenium/4.33.0/selenium-4.33.0.tar.gz", hash = "sha256:d90974db95d2cdeb34d2fb1b13f03dc904f53e6c5d228745b0635ada10cd625d" }
wheels = [
    { url = "https://sonatype.dn.lan/repository/pypi/packages/selenium/4.33.0/selenium-4.33.0-py3-none-any.whl", hash = "sha256:af9ea757813918bddfe05cc677bf63c8a0cd277ebf8474b3dd79caa5727fca85" },
]

[[package]]
name = "six"
version = "1.17.0"
source = { registry = "https://sonatype.dn.lan/repository/pypi/simple" }
sdist = { url = "https://sonatype.dn.lan/repository/pypi/packages/six/1.17.0/six-1.17.0.tar.gz", hash = "sha256:ff70335d468e7eb6ec65b95b99d3a2836546063f63acc5171de367e834932a81" }
wheels = [
    { url = "https://sonatype.dn.lan/repository/pypi/packages/six/1.17.0/six-1.17.0-py2.py3-none-any.whl", hash = "sha256:4721f391ed90541fddacab5acf947aa0d3dc7d27b2e1e8eda2be8970586c3274" },
]

[[package]]
name = "sniffio"
version = "1.3.1"
source = { registry = "https://sonatype.dn.lan/repository/pypi/simple" }
sdist = { url = "https://sonatype.dn.lan/repository/pypi/packages/sniffio/1.3.1/sniffio-1.3.1.tar.gz", hash = "sha256:f4324edc670a0f49750a81b895f35c3adb843cca46f0530f79fc1babb23789dc" }
wheels = [
    { url = "https://sonatype.dn.lan/repository/pypi/packages/sniffio/1.3.1/sniffio-1.3.1-py3-none-any.whl", hash = "sha256:2f6da418d1f1e0fddd844478f41680e794e6051915791a034ff65e5f100525a2" },
]

[[package]]
name = "sortedcontainers"
version = "2.4.0"
source = { registry = "https://sonatype.dn.lan/repository/pypi/simple" }
sdist = { url = "https://sonatype.dn.lan/repository/pypi/packages/sortedcontainers/2.4.0/sortedcontainers-2.4.0.tar.gz", hash = "sha256:25caa5a06cc30b6b83d11423433f65d1f9d76c4c6a0c90e3379eaa43b9bfdb88" }
wheels = [
    { url = "https://sonatype.dn.lan/repository/pypi/packages/sortedcontainers/2.4.0/sortedcontainers-2.4.0-py2.py3-none-any.whl", hash = "sha256:a163dcaede0f1c021485e957a39245190e74249897e2ae4b2aa38595db237ee0" },
]

[[package]]
name = "trio"
version = "0.30.0"
source = { registry = "https://sonatype.dn.lan/repository/pypi/simple" }
dependencies = [
    { name = "attrs" },
    { name = "cffi", marker = "implementation_name != 'pypy' and os_name == 'nt'" },
    { name = "idna" },
    { name = "outcome" },
    { name = "sniffio" },
    { name = "sortedcontainers" },
]
sdist = { url = "https://sonatype.dn.lan/repository/pypi/packages/trio/0.30.0/trio-0.30.0.tar.gz", hash = "sha256:0781c857c0c81f8f51e0089929a26b5bb63d57f927728a5586f7e36171f064df" }
wheels = [
    { url = "https://sonatype.dn.lan/repository/pypi/packages/trio/0.30.0/trio-0.30.0-py3-none-any.whl", hash = "sha256:3bf4f06b8decf8d3cf00af85f40a89824669e2d033bb32469d34840edcfc22a5" },
]

[[package]]
name = "trio-websocket"
version = "0.12.2"
source = { registry = "https://sonatype.dn.lan/repository/pypi/simple" }
dependencies = [
    { name = "outcome" },
    { name = "trio" },
    { name = "wsproto" },
]
sdist = { url = "https://sonatype.dn.lan/repository/pypi/packages/trio-websocket/0.12.2/trio_websocket-0.12.2.tar.gz", hash = "sha256:22c72c436f3d1e264d0910a3951934798dcc5b00ae56fc4ee079d46c7cf20fae" }
wheels = [
    { url = "https://sonatype.dn.lan/repository/pypi/packages/trio-websocket/0.12.2/trio_websocket-0.12.2-py3-none-any.whl", hash = "sha256:df605665f1db533f4a386c94525870851096a223adcb97f72a07e8b4beba45b6" },
]

[[package]]
name = "typing-extensions"
version = "4.13.2"
source = { registry = "https://sonatype.dn.lan/repository/pypi/simple" }
sdist = { url = "https://sonatype.dn.lan/repository/pypi/packages/typing-extensions/4.13.2/typing_extensions-4.13.2.tar.gz", hash = "sha256:e6c81219bd689f51865d9e372991c540bda33a0379d5573cddb9a3a23f7caaef" }
wheels = [
    { url = "https://sonatype.dn.lan/repository/pypi/packages/typing-extensions/4.13.2/typing_extensions-4.13.2-py3-none-any.whl", hash = "sha256:a439e7c04b49fec3e5d3e2beaa21755cadbbdc391694e28ccdd36ca4a1408f8c" },
]

[[package]]
name = "tzdata"
version = "2025.2"
source = { registry = "https://sonatype.dn.lan/repository/pypi/simple" }
sdist = { url = "https://sonatype.dn.lan/repository/pypi/packages/tzdata/2025.2/tzdata-2025.2.tar.gz", hash = "sha256:b60a638fcc0daffadf82fe0f57e53d06bdec2f36c4df66280ae79bce6bd6f2b9" }
wheels = [
    { url = "https://sonatype.dn.lan/repository/pypi/packages/tzdata/2025.2/tzdata-2025.2-py2.py3-none-any.whl", hash = "sha256:1a403fada01ff9221ca8044d701868fa132215d84beb92242d9acd2147f667a8" },
]

[[package]]
name = "urllib3"
version = "2.4.0"
source = { registry = "https://sonatype.dn.lan/repository/pypi/simple" }
sdist = { url = "https://sonatype.dn.lan/repository/pypi/packages/urllib3/2.4.0/urllib3-2.4.0.tar.gz", hash = "sha256:414bc6535b787febd7567804cc015fee39daab8ad86268f1310a9250697de466" }
wheels = [
    { url = "https://sonatype.dn.lan/repository/pypi/packages/urllib3/2.4.0/urllib3-2.4.0-py3-none-any.whl", hash = "sha256:4e16665048960a0900c702d4a66415956a584919c03361cac9f1df5c5dd7e813" },
]

[package.optional-dependencies]
socks = [
    { name = "pysocks" },
]

[[package]]
name = "webdriver-manager"
version = "4.0.2"
source = { registry = "https://sonatype.dn.lan/repository/pypi/simple" }
dependencies = [
    { name = "packaging" },
    { name = "python-dotenv" },
    { name = "requests" },
]
sdist = { url = "https://sonatype.dn.lan/repository/pypi/packages/webdriver-manager/4.0.2/webdriver_manager-4.0.2.tar.gz", hash = "sha256:efedf428f92fd6d5c924a0d054e6d1322dd77aab790e834ee767af392b35590f" }
wheels = [
    { url = "https://sonatype.dn.lan/repository/pypi/packages/webdriver-manager/4.0.2/webdriver_manager-4.0.2-py2.py3-none-any.whl", hash = "sha256:75908d92ecc45ff2b9953614459c633db8f9aa1ff30181cefe8696e312908129" },
]

[[package]]
name = "websocket-client"
version = "1.8.0"
source = { registry = "https://sonatype.dn.lan/repository/pypi/simple" }
sdist = { url = "https://sonatype.dn.lan/repository/pypi/packages/websocket-client/1.8.0/websocket_client-1.8.0.tar.gz", hash = "sha256:3239df9f44da632f96012472805d40a23281a991027ce11d2f45a6f24ac4c3da" }
wheels = [
    { url = "https://sonatype.dn.lan/repository/pypi/packages/websocket-client/1.8.0/websocket_client-1.8.0-py3-none-any.whl", hash = "sha256:17b44cc997f5c498e809b22cdf2d9c7a9e71c02c8cc2b6c56e7c2d1239bfa526" },
]

[[package]]
name = "wsproto"
version = "1.2.0"
source = { registry = "https://sonatype.dn.lan/repository/pypi/simple" }
dependencies = [
    { name = "h11" },
]
sdist = { url = "https://sonatype.dn.lan/repository/pypi/packages/wsproto/1.2.0/wsproto-1.2.0.tar.gz", hash = "sha256:ad565f26ecb92588a3e43bc3d96164de84cd9902482b130d0ddbaa9664a85065" }
wheels = [
    { url = "https://sonatype.dn.lan/repository/pypi/packages/wsproto/1.2.0/wsproto-1.2.0-py3-none-any.whl", hash = "sha256:b9acddd652b585d75b20477888c56642fdade28bdfd3579aa24a4d2c037dd736" },
]
